{sub_dirs,["rel"]}.
{erl_opts,[debug_info]}.
{erl_dep_retries,10}.
{deps,[{meck,".*",{git,"git://github.com/eproxus/meck.git","HEAD"}},
       {amqp_client,".*",
                    {git,"git://github.com/seth/amqp_client.git",
                         {tag,"582b1055725664e21152a50d8eedeea418b93b83"}}},
       {automeck,".*",
                 {git,"git://github.com/opscode/automeck.git",
                      {tag,"24f18f3e4fd177d16dd3deb3d69e3b683570218e"}}},
       {bcrypt,".*",
               {git,"git://github.com/opscode/erlang-bcrypt.git",
                    {tag,"3566f5e0844ec81c712224e8020f6a6987d48456"}}},
       {bear,".*",
             {git,"git://github.com/boundary/bear.git",
                  {tag,"b1882d7ee88e775d961a2678e4fafecef7f77705"}}},
       {chef_authn,".*",
                   {git,"git://github.com/opscode/chef_authn.git",
                        {tag,"44c3288649ecece19bd772e67731b080a0e33815"}}},
       {chef_certgen,".*",
                     {git,"git://github.com/opscode/chef_certgen.git",
                          {tag,"05cd996e89220287e6a7b71f9ba296819a529678"}}},
       {chef_db,".*",
                {git,"git://github.com/opscode/chef_db.git",
                     {tag,"744e2b730feb694cd37c83c2db5ce867846dd317"}}},
       {chef_index,".*",
                   {git,"git://github.com/opscode/chef_index.git",
                        {tag,"c2ee1edf56b8177640484bfe729db3a0a52e51a3"}}},
       {chef_objects,".*",
                     {git,"git://github.com/opscode/chef_objects.git",
                          {tag,"2471eea6e7fa7fbfe565ded417dbcc42171afdd6"}}},
       {chef_wm,".*",
                {git,"git://github.com/opscode/chef_wm.git",
                     {tag,"924948f22a9d5a65d68d441718bdbcd541adcf5d"}}},
       {couchbeam,".*",
                  {git,"git://github.com/opscode/couchbeam.git",
                       {tag,"d7099f5cefaf0e32e85f8ad5090ca20f14d7373e"}}},
       {depsolver,".*",
                  {git,"git://github.com/opscode/depsolver.git",
                       {tag,"0f1c2ed6694c93793cce1d5bd63feed575bd62cd"}}},
       {ej,".*",
           {git,"git://github.com/seth/ej.git",
                {tag,"e827063dd57e8514047b1fbeb59393583fdc8196"}}},
       {ejson,".*",
              {git,"git://github.com/kevsmith/ejson.git",
                   {tag,"2a78a82f9fb240cac5a33ee4dc13702539463ad6"}}},
       {emysql,".*",
               {git,"https://github.com/Eonblast/Emysql.git",
                    {tag,"99f1616ee3ca6b18ee522b4fd626db9b3abec612"}}},
       {eper,".*",
             {git,"git://github.com/massemanet/eper.git",
                  {tag,"4532528ddb38637938c10f9dfcb2b4375b6db8a6"}}},
       {epgsql,".*",
               {git,"git://github.com/opscode/epgsql.git",
                    {tag,"f24cee4170395ba69e96e5e56c876d947394e471"}}},
       {erlware_commons,".*",
                        {git,"git://github.com/erlware/erlware_commons.git",
                             {tag,"25ef2f3496cd6b68934456b497e8645e70728214"}}},
       {fast_log,".*",
                 {git,"git://github.com/opscode/fast-log-erlang.git",
                      {tag,"0db6ec3238e012aad64956fbbb9d48bb457113a3"}}},
       {folsom,".*",
               {git,"git://github.com/boundary/folsom.git",
                    {tag,"e1499f30432015b923be66663779e44e4c2d1d1c"}}},
       {gen_bunny,".*",
                  {git,"git://github.com/seth/gen_bunny.git",
                       {tag,"9091b7791abb6580c2481e1898b53767a698a86a"}}},
       {gen_server2,".*",
                    {git,"http://github.com/mdaguete/gen_server2.git",
                         {tag,"992650004c81ee921183488cb8115de4777e7bd9"}}},
       {ibrowse,".*",
                {git,"git://github.com/cmullaparthi/ibrowse",
                     {tag,"302c824a8ade766bcb99f83015ba4ee96b9be156"}}},
       {jiffy,".*",
              {git,"git://github.com/davisp/jiffy.git",
                   {tag,"6f589d457673a3bbdf4329103fbe2b10b302ec87"}}},
       {mini_s3,".*",
                {git,"git://github.com/opscode/mini_s3.git",
                     {tag,"11252561d452fb5e1984efd1794c200bf837c1b3"}}},
       {mixer,".*",
              {git,"git://github.com/opscode/mixer.git",
                   {tag,"bb5ae94cd645f4d9ec291e6bb8a114caad145483"}}},
       {mochiweb,".*",
                 {git,"git://github.com/basho/mochiweb",
                      {tag,"bed36252198ae7159e3d2b3a9ca9a9bb9817e1de"}}},
       {neotoma,".*",
                {git,"https://github.com/seancribbs/neotoma.git",
                     {tag,"adb132b62de7ac65652d1401e2d86746f22107bf"}}},
       {oauth,".*",
              {git,"git://github.com/opscode/erlang-oauth.git",
                   {tag,"2b796ea7973c0f38aad569bf2506bd8026eca004"}}},
       {pooler,".*",
               {git,"git://github.com/seth/pooler.git",
                    {tag,"f7829d7b894d739e840896fbf8f31f5a53b2eebb"}}},
       {proper,".*",
               {git,"https://github.com/manopapad/proper.git",
                    {tag,"8f09ee5252f595f32f9a8fd45b8e530b1a3fdfeb"}}},
       {rabbit_common,".*",
                      {git,"git://github.com/seth/rabbit_common.git",
                           {tag,"ec370fc00b76a1c8ee7004f96e825d5662d97ac1"}}},
       {sqerl,".*",
              {git,"git://github.com/opscode/sqerl.git",
                   {tag,"fdc1e1bc534a16e69cd6c812d241056cf4e632e9"}}},
       {stats_hero,".*",
                   {git,"git://github.com/opscode/stats_hero.git",
                        {tag,"f69a5c4eee7ecbcfe26ff3a154eb650b061c4bf9"}}},
       {webmachine,".*",
                   {git,"git://github.com/basho/webmachine",
                        {tag,"0fffe21beb1bec3f87510cfad389d844782d457e"}}}]}.
{cover_enabled,true}.

