%% THIS FILE IS GENERATED. DO NOT EDIT IT MANUALLY %%

{sub_dirs,["rel"]}.
{erl_opts,[debug_info]}.
{erl_dep_retries,10}.
{deps,
    [{meck,".*",{git,"git://github.com/eproxus/meck.git","HEAD"}},
     {amqp_client,".*",
         {git,"git://github.com/seth/amqp_client.git",
             {tag,"ea6298ab34528624c78b7b1a7eed3447bcbd8714"}}},
     {automeck,".*",
         {git,"git://github.com/opscode/automeck.git",
             {tag,"24f18f3e4fd177d16dd3deb3d69e3b683570218e"}}},
     {bcrypt,".*",
         {git,"git://github.com/opscode/erlang-bcrypt.git",
             {tag,"3566f5e0844ec81c712224e8020f6a6987d48456"}}},
     {bear,".*",
         {git,"git://github.com/boundary/bear.git",
             {tag,"b1882d7ee88e775d961a2678e4fafecef7f77705"}}},
     {chef_authn,".*",
         {git,"git://github.com/opscode/chef_authn.git",
             {tag,"44c3288649ecece19bd772e67731b080a0e33815"}}},
     {chef_certgen,".*",
         {git,"git://github.com/opscode/chef_certgen.git",
             {tag,"05cd996e89220287e6a7b71f9ba296819a529678"}}},
     {chef_db,".*",
         {git,"git://github.com/opscode/chef_db.git",
             {tag,"5eb672a6e2188cfff51ab40443643b1b7ccd1104"}}},
     {chef_index,".*",
         {git,"git://github.com/opscode/chef_index.git",
             {tag,"bebfd850336d80877f592ed9f7dced34002b0ba9"}}},
     {chef_objects,".*",
         {git,"git://github.com/opscode/chef_objects.git",
             {tag,"f46d6f4dffb8518a894a061b4c13c5a9acd309fa"}}},
     {chef_wm,".*",
         {git,"git://github.com/opscode/chef_wm.git",
             {tag,"ef93d33d0e1d202990355c477a40f840f41fba2c"}}},
     {couchbeam,".*",
         {git,"git://github.com/opscode/couchbeam.git",
             {tag,"c7881f6247a92cd62a818fe9f637ff973a5f8923"}}},
     {depsolver,".*",
         {git,"git://github.com/opscode/depsolver.git",
             {tag,"0f1c2ed6694c93793cce1d5bd63feed575bd62cd"}}},
     {ej,".*",
         {git,"git://github.com/seth/ej.git",
             {tag,"d790e7c7853d33ae66ef472eaf5dafee1dda9553"}}},
     {ejson,".*",
         {git,"git://github.com/kevsmith/ejson.git",
             {tag,"2a78a82f9fb240cac5a33ee4dc13702539463ad6"}}},
     {emysql,".*",
         {git,"git://github.com/opscode/Emysql.git",
             {tag,"9b18b00cd998c1f37f516d6358e715276fca7b48"}}},
     {eper,".*",
         {git,"git://github.com/massemanet/eper.git",
             {tag,"4532528ddb38637938c10f9dfcb2b4375b6db8a6"}}},
     {epgsql,".*",
         {git,"git://github.com/opscode/epgsql.git",
             {tag,"f24cee4170395ba69e96e5e56c876d947394e471"}}},
     {erlware_commons,".*",
         {git,"git://github.com/erlware/erlware_commons.git",
             {tag,"a9f2a771f018ef5efa3864d91bf888175c22c54f"}}},
     {fast_log,".*",
         {git,"git://github.com/opscode/fast-log-erlang.git",
             {tag,"0db6ec3238e012aad64956fbbb9d48bb457113a3"}}},
     {folsom,".*",
         {git,"git://github.com/boundary/folsom.git",
             {tag,"ee674c185e4b6719d9f342a8ba7b9150ec1260bd"}}},
     {gen_bunny,".*",
         {git,"git://github.com/seth/gen_bunny.git",
             {tag,"9091b7791abb6580c2481e1898b53767a698a86a"}}},
     {gen_server2,".*",
         {git,"git://github.com/mdaguete/gen_server2.git",
             {tag,"992650004c81ee921183488cb8115de4777e7bd9"}}},
     {ibrowse,".*",
         {git,"git://github.com/opscode/ibrowse",
             {tag,"8f3f6a3a30730b193cc340a8885a960586dc98de"}}},
     {jiffy,".*",
         {git,"git://github.com/davisp/jiffy.git",
             {tag,"3b6a1327d418f7594ecb23aa8d7874c3986f433e"}}},
     {mini_s3,".*",
         {git,"git://github.com/opscode/mini_s3.git",
             {tag,"ddeaa30687918706eb70f2b380ecbc2d7fbe53d2"}}},
     {mixer,".*",
         {git,"git://github.com/opscode/mixer.git",
             {tag,"bb5ae94cd645f4d9ec291e6bb8a114caad145483"}}},
     {mochiweb,".*",
         {git,"git://github.com/basho/mochiweb",
             {tag,"bed36252198ae7159e3d2b3a9ca9a9bb9817e1de"}}},
     {neotoma,".*",
         {git,"https://github.com/seancribbs/neotoma.git",
             {tag,"6382470390300f89d10f1e3d50a146d612602002"}}},
     {oauth,".*",
         {git,"git://github.com/opscode/erlang-oauth.git",
             {tag,"2b796ea7973c0f38aad569bf2506bd8026eca004"}}},
     {pooler,".*",
         {git,"git://github.com/seth/pooler.git",
             {tag,"f7829d7b894d739e840896fbf8f31f5a53b2eebb"}}},
     {proper,".*",
         {git,"https://github.com/manopapad/proper.git",
             {tag,"43a576f8b930f9a9d472e9fd5955dd0b0469bf4a"}}},
     {rabbit_common,".*",
         {git,"git://github.com/seth/rabbit_common.git",
             {tag,"f82031023bdde02fb83dc3e84af24c74bca8daf4"}}},
     {rebar_lock_deps_plugin,".*",
         {git,"git://github.com/seth/rebar_lock_deps_plugin.git",
             {tag,"78c3863452d4db49f74db3d11c4569384ec0ada0"}}},
     {sqerl,".*",
         {git,"git://github.com/opscode/sqerl.git",
             {tag,"142182b278b991fe5f436c0b8cbbe18cf7b5600d"}}},
     {stats_hero,".*",
         {git,"git://github.com/opscode/stats_hero.git",
             {tag,"f69a5c4eee7ecbcfe26ff3a154eb650b061c4bf9"}}},
     {webmachine,".*",
         {git,"git://github.com/basho/webmachine",
             {tag,"0fffe21beb1bec3f87510cfad389d844782d457e"}}}]}.
{plugins,[rebar_lock_deps_plugin]}.
{cover_enabled,true}.

